
Microsoft Visual Studio Solution File, Format Version 12.00
# Visual Studio Version 16
VisualStudioVersion = 16.0.31129.286
MinimumVisualStudioVersion = 10.0.40219.1
Project("{FAE04EC0-301F-11D3-BF4B-00C04F79EFBC}") = "AfiliadosApp", "AfiliadosApp\AfiliadosApp.csproj", "{1F723DEF-4107-44B8-882C-2C6B8B4E585B}"
EndProject
Global
	GlobalSection(SolutionConfigurationPlatforms) = preSolution
		Debug|Any CPU = Debug|Any CPU
		Release|Any CPU = Release|Any CPU
	EndGlobalSection
	GlobalSection(ProjectConfigurationPlatforms) = postSolution
		{1F723DEF-4107-44B8-882C-2C6B8B4E585B}.Debug|Any CPU.ActiveCfg = Debug|Any CPU
		{1F723DEF-4107-44B8-882C-2C6B8B4E585B}.Debug|Any CPU.Build.0 = Debug|Any CPU
		{1F723DEF-4107-44B8-882C-2C6B8B4E585B}.Release|Any CPU.ActiveCfg = Release|Any CPU
		{1F723DEF-4107-44B8-882C-2C6B8B4E585B}.Release|Any CPU.Build.0 = Release|Any CPU
	EndGlobalSection
	GlobalSection(SolutionProperties) = preSolution
		HideSolutionNode = FALSE
	EndGlobalSection
	GlobalSection(ExtensibilityGlobals) = postSolution
		SolutionGuid = {271268F6-CBB9-4734-81D7-43F97C850FCA}
	EndGlobalSection
EndGlobal
